
Microsoft Visual Studio Solution File, Format Version 12.00
# Visual Studio 15
VisualStudioVersion = 15.0.28307.705
MinimumVisualStudioVersion = 10.0.40219.1
Project("{2150E333-8FDC-42A3-9474-1A3956D46DE8}") = "Application", "Application", "{7CF77054-F56E-414A-B573-FE48C4CD327B}"
EndProject
Project("{2150E333-8FDC-42A3-9474-1A3956D46DE8}") = "Domain", "Domain", "{CE543883-0F55-4659-BFBF-BBEFF8FF9654}"
EndProject
Project("{2150E333-8FDC-42A3-9474-1A3956D46DE8}") = "Infra.IoC", "Infra.IoC", "{4E035E54-9D05-4643-AC54-892018939BC0}"
EndProject
Project("{2150E333-8FDC-42A3-9474-1A3956D46DE8}") = "Infra.Data", "Infra.Data", "{3A64C8F4-8F6A-4B83-A156-A414383864A7}"
EndProject
Project("{2150E333-8FDC-42A3-9474-1A3956D46DE8}") = "Presentation", "Presentation", "{361D4A73-0E04-439B-942D-27309F7477FB}"
EndProject
Project("{9A19103F-16F7-4668-BE54-9A1E7A4F7556}") = "CleanArch.Mvc", "CleanArch.Mvc\CleanArch.Mvc.csproj", "{B03E6570-928D-48D4-9A00-7060C2E583FB}"
EndProject
Project("{9A19103F-16F7-4668-BE54-9A1E7A4F7556}") = "CleanArch.Domain", "CleanArch.Domain\CleanArch.Domain.csproj", "{AEE8DFEC-7A2E-4E91-AAC8-0EF6054532C3}"
EndProject
Project("{9A19103F-16F7-4668-BE54-9A1E7A4F7556}") = "CleanArch.Infra.Data", "CleanArch.Infra.Data\CleanArch.Infra.Data.csproj", "{359584CC-DF60-494C-A105-78966F330AE7}"
EndProject
Project("{9A19103F-16F7-4668-BE54-9A1E7A4F7556}") = "CleanArch.Application", "CleanArch.Application\CleanArch.Application.csproj", "{3354C1A0-96B9-40BB-8724-C724BA7855DB}"
EndProject
Project("{9A19103F-16F7-4668-BE54-9A1E7A4F7556}") = "CleanArch.Infra.IoC", "CleanArch.Infra.IoC\CleanArch.Infra.IoC.csproj", "{3EE4C137-9636-45A6-835B-35A06BBB0CAB}"
EndProject
Project("{2150E333-8FDC-42A3-9474-1A3956D46DE8}") = "Infra.Bus", "Infra.Bus", "{4CD74C2D-3372-49C4-88EA-AB3F2E7268F1}"
EndProject
Project("{2150E333-8FDC-42A3-9474-1A3956D46DE8}") = "Api", "Api", "{8D77A387-C39C-4361-9500-00B700361938}"
EndProject
Project("{FAE04EC0-301F-11D3-BF4B-00C04F79EFBC}") = "CleanArch.Infra.Bus", "CleanArch.Infra.Bus\CleanArch.Infra.Bus.csproj", "{DC7FC1E2-FFCB-454E-A765-457268CE37D9}"
EndProject
Global
	GlobalSection(SolutionConfigurationPlatforms) = preSolution
		Debug|Any CPU = Debug|Any CPU
		Release|Any CPU = Release|Any CPU
	EndGlobalSection
	GlobalSection(ProjectConfigurationPlatforms) = postSolution
		{B03E6570-928D-48D4-9A00-7060C2E583FB}.Debug|Any CPU.ActiveCfg = Debug|Any CPU
		{B03E6570-928D-48D4-9A00-7060C2E583FB}.Debug|Any CPU.Build.0 = Debug|Any CPU
		{B03E6570-928D-48D4-9A00-7060C2E583FB}.Release|Any CPU.ActiveCfg = Release|Any CPU
		{B03E6570-928D-48D4-9A00-7060C2E583FB}.Release|Any CPU.Build.0 = Release|Any CPU
		{AEE8DFEC-7A2E-4E91-AAC8-0EF6054532C3}.Debug|Any CPU.ActiveCfg = Debug|Any CPU
		{AEE8DFEC-7A2E-4E91-AAC8-0EF6054532C3}.Debug|Any CPU.Build.0 = Debug|Any CPU
		{AEE8DFEC-7A2E-4E91-AAC8-0EF6054532C3}.Release|Any CPU.ActiveCfg = Release|Any CPU
		{AEE8DFEC-7A2E-4E91-AAC8-0EF6054532C3}.Release|Any CPU.Build.0 = Release|Any CPU
		{359584CC-DF60-494C-A105-78966F330AE7}.Debug|Any CPU.ActiveCfg = Debug|Any CPU
		{359584CC-DF60-494C-A105-78966F330AE7}.Debug|Any CPU.Build.0 = Debug|Any CPU
		{359584CC-DF60-494C-A105-78966F330AE7}.Release|Any CPU.ActiveCfg = Release|Any CPU
		{359584CC-DF60-494C-A105-78966F330AE7}.Release|Any CPU.Build.0 = Release|Any CPU
		{3354C1A0-96B9-40BB-8724-C724BA7855DB}.Debug|Any CPU.ActiveCfg = Debug|Any CPU
		{3354C1A0-96B9-40BB-8724-C724BA7855DB}.Debug|Any CPU.Build.0 = Debug|Any CPU
		{3354C1A0-96B9-40BB-8724-C724BA7855DB}.Release|Any CPU.ActiveCfg = Release|Any CPU
		{3354C1A0-96B9-40BB-8724-C724BA7855DB}.Release|Any CPU.Build.0 = Release|Any CPU
		{3EE4C137-9636-45A6-835B-35A06BBB0CAB}.Debug|Any CPU.ActiveCfg = Debug|Any CPU
		{3EE4C137-9636-45A6-835B-35A06BBB0CAB}.Debug|Any CPU.Build.0 = Debug|Any CPU
		{3EE4C137-9636-45A6-835B-35A06BBB0CAB}.Release|Any CPU.ActiveCfg = Release|Any CPU
		{3EE4C137-9636-45A6-835B-35A06BBB0CAB}.Release|Any CPU.Build.0 = Release|Any CPU
		{DC7FC1E2-FFCB-454E-A765-457268CE37D9}.Debug|Any CPU.ActiveCfg = Debug|Any CPU
		{DC7FC1E2-FFCB-454E-A765-457268CE37D9}.Debug|Any CPU.Build.0 = Debug|Any CPU
		{DC7FC1E2-FFCB-454E-A765-457268CE37D9}.Release|Any CPU.ActiveCfg = Release|Any CPU
		{DC7FC1E2-FFCB-454E-A765-457268CE37D9}.Release|Any CPU.Build.0 = Release|Any CPU
	EndGlobalSection
	GlobalSection(SolutionProperties) = preSolution
		HideSolutionNode = FALSE
	EndGlobalSection
	GlobalSection(NestedProjects) = preSolution
		{B03E6570-928D-48D4-9A00-7060C2E583FB} = {361D4A73-0E04-439B-942D-27309F7477FB}
		{AEE8DFEC-7A2E-4E91-AAC8-0EF6054532C3} = {CE543883-0F55-4659-BFBF-BBEFF8FF9654}
		{359584CC-DF60-494C-A105-78966F330AE7} = {3A64C8F4-8F6A-4B83-A156-A414383864A7}
		{3354C1A0-96B9-40BB-8724-C724BA7855DB} = {7CF77054-F56E-414A-B573-FE48C4CD327B}
		{3EE4C137-9636-45A6-835B-35A06BBB0CAB} = {4E035E54-9D05-4643-AC54-892018939BC0}
		{DC7FC1E2-FFCB-454E-A765-457268CE37D9} = {4CD74C2D-3372-49C4-88EA-AB3F2E7268F1}
	EndGlobalSection
	GlobalSection(ExtensibilityGlobals) = postSolution
		SolutionGuid = {0476C7F8-2626-45EF-B436-7FADCC30A365}
	EndGlobalSection
EndGlobal
